
Microsoft Visual Studio Solution File, Format Version 12.00
# Visual Studio 15
VisualStudioVersion = 15.0.28307.168
MinimumVisualStudioVersion = 10.0.40219.1
Project("{FAE04EC0-301F-11D3-BF4B-00C04F79EFBC}") = "NumberGuesser", "NumberGuesser.csproj", "{17FE4189-DDAF-4C59-9D17-AAE2B2FF4E27}"
EndProject
Global
	GlobalSection(SolutionConfigurationPlatforms) = preSolution
		Debug|Any CPU = Debug|Any CPU
		Release|Any CPU = Release|Any CPU
	EndGlobalSection
	GlobalSection(ProjectConfigurationPlatforms) = postSolution
		{17FE4189-DDAF-4C59-9D17-AAE2B2FF4E27}.Debug|Any CPU.ActiveCfg = Debug|Any CPU
		{17FE4189-DDAF-4C59-9D17-AAE2B2FF4E27}.Debug|Any CPU.Build.0 = Debug|Any CPU
		{17FE4189-DDAF-4C59-9D17-AAE2B2FF4E27}.Release|Any CPU.ActiveCfg = Release|Any CPU
		{17FE4189-DDAF-4C59-9D17-AAE2B2FF4E27}.Release|Any CPU.Build.0 = Release|Any CPU
	EndGlobalSection
	GlobalSection(SolutionProperties) = preSolution
		HideSolutionNode = FALSE
	EndGlobalSection
	GlobalSection(ExtensibilityGlobals) = postSolution
		SolutionGuid = {22C2724C-D8CE-49F8-9071-4AB211E1756A}
	EndGlobalSection
EndGlobal
